Microsoft Visual Studio Solution File, Format Version 11.00
# Visual Studio 2008

Project("{98BD39A8-9BED-29F2-DD8F-5041CAB29CEE}") = "Prospector", "Assembly-CSharp.csproj", "{BF731106-F445-FE34-3DDA-B2B91338CF62}"
EndProject
Global
	GlobalSection(SolutionConfigurationPlatforms) = preSolution
		Debug|Any CPU = Debug|Any CPU
		Release|Any CPU = Release|Any CPU
	EndGlobalSection
	GlobalSection(ProjectConfigurationPlatforms) = postSolution
		{BF731106-F445-FE34-3DDA-B2B91338CF62}.Debug|Any CPU.ActiveCfg = Debug|Any CPU
		{BF731106-F445-FE34-3DDA-B2B91338CF62}.Debug|Any CPU.Build.0 = Debug|Any CPU
		{BF731106-F445-FE34-3DDA-B2B91338CF62}.Release|Any CPU.ActiveCfg = Release|Any CPU
		{BF731106-F445-FE34-3DDA-B2B91338CF62}.Release|Any CPU.Build.0 = Release|Any CPU
	EndGlobalSection
	GlobalSection(SolutionProperties) = preSolution
		HideSolutionNode = FALSE
	EndGlobalSection
	GlobalSection(MonoDevelopProperties) = preSolution
		StartupItem = Assembly-CSharp.csproj
	EndGlobalSection
EndGlobal
